// !$*UTF8*$!
{
	archiveVersion = 1;
	classes = {
	};
	objectVersion = 50;
	objects = {

/* Begin PBXBuildFile section */
		CF9E8BE325F321D900B8D085 /* RecreatingDesignInSwiftUIApp.swift in Sources */ = {isa = PBXBuildFile; fileRef = CF9E8BE225F321D900B8D085 /* RecreatingDesignInSwiftUIApp.swift */; };
		CF9E8BE525F321D900B8D085 /* ContentView.swift in Sources */ = {isa = PBXBuildFile; fileRef = CF9E8BE425F321D900B8D085 /* ContentView.swift */; };
		CF9E8BE725F321DC00B8D085 /* Assets.xcassets in Resources */ = {isa = PBXBuildFile; fileRef = CF9E8BE625F321DC00B8D085 /* Assets.xcassets */; };
		CF9E8BEA25F321DC00B8D085 /* Preview Assets.xcassets in Resources */ = {isa = PBXBuildFile; fileRef = CF9E8BE925F321DC00B8D085 /* Preview Assets.xcassets */; };
		CF9E8BF525F321DC00B8D085 /* RecreatingDesignInSwiftUITests.swift in Sources */ = {isa = PBXBuildFile; fileRef = CF9E8BF425F321DC00B8D085 /* RecreatingDesignInSwiftUITests.swift */; };
		CF9E8C0025F321DC00B8D085 /* RecreatingDesignInSwiftUIUITests.swift in Sources */ = {isa = PBXBuildFile; fileRef = CF9E8BFF25F321DC00B8D085 /* RecreatingDesignInSwiftUIUITests.swift */; };
		CF9E8C1125F3222C00B8D085 /* KulMobileHomeView.swift in Sources */ = {isa = PBXBuildFile; fileRef = CF9E8C1025F3222C00B8D085 /* KulMobileHomeView.swift */; };
/* End PBXBuildFile section */

/* Begin PBXContainerItemProxy section */
		CF9E8BF125F321DC00B8D085 /* PBXContainerItemProxy */ = {
			isa = PBXContainerItemProxy;
			containerPortal = CF9E8BD725F321D900B8D085 /* Project object */;
			proxyType = 1;
			remoteGlobalIDString = CF9E8BDE25F321D900B8D085;
			remoteInfo = RecreatingDesignInSwiftUI;
		};
		CF9E8BFC25F321DC00B8D085 /* PBXContainerItemProxy */ = {
			isa = PBXContainerItemProxy;
			containerPortal = CF9E8BD725F321D900B8D085 /* Project object */;
			proxyType = 1;
			remoteGlobalIDString = CF9E8BDE25F321D900B8D085;
			remoteInfo = RecreatingDesignInSwiftUI;
		};
/* End PBXContainerItemProxy section */

/* Begin PBXFileReference section */
		CF9E8BDF25F321D900B8D085 /* RecreatingDesignInSwiftUI.app */ = {isa = PBXFileReference; explicitFileType = wrapper.application; includeInIndex = 0; path = RecreatingDesignInSwiftUI.app; sourceTree = BUILT_PRODUCTS_DIR; };
		CF9E8BE225F321D900B8D085 /* RecreatingDesignInSwiftUIApp.swift */ = {isa = PBXFileReference; lastKnownFileType = sourcecode.swift; path = RecreatingDesignInSwiftUIApp.swift; sourceTree = "<group>"; };
		CF9E8BE425F321D900B8D085 /* ContentView.swift */ = {isa = PBXFileReference; lastKnownFileType = sourcecode.swift; path = ContentView.swift; sourceTree = "<group>"; };
		CF9E8BE625F321DC00B8D085 /* Assets.xcassets */ = {isa = PBXFileReference; lastKnownFileType = folder.assetcatalog; path = Assets.xcassets; sourceTree = "<group>"; };
		CF9E8BE925F321DC00B8D085 /* Preview Assets.xcassets */ = {isa = PBXFileReference; lastKnownFileType = folder.assetcatalog; path = "Preview Assets.xcassets"; sourceTree = "<group>"; };
		CF9E8BEB25F321DC00B8D085 /* Info.plist */ = {isa = PBXFileReference; lastKnownFileType = text.plist.xml; path = Info.plist; sourceTree = "<group>"; };
		CF9E8BF025F321DC00B8D085 /* RecreatingDesignInSwiftUITests.xctest */ = {isa = PBXFileReference; explicitFileType = wrapper.cfbundle; includeInIndex = 0; path = RecreatingDesignInSwiftUITests.xctest; sourceTree = BUILT_PRODUCTS_DIR; };
		CF9E8BF425F321DC00B8D085 /* RecreatingDesignInSwiftUITests.swift */ = {isa = PBXFileReference; lastKnownFileType = sourcecode.swift; path = RecreatingDesignInSwiftUITests.swift; sourceTree = "<group>"; };
		CF9E8BF625F321DC00B8D085 /* Info.plist */ = {isa = PBXFileReference; lastKnownFileType = text.plist.xml; path = Info.plist; sourceTree = "<group>"; };
		CF9E8BFB25F321DC00B8D085 /* RecreatingDesignInSwiftUIUITests.xctest */ = {isa = PBXFileReference; explicitFileType = wrapper.cfbundle; includeInIndex = 0; path = RecreatingDesignInSwiftUIUITests.xctest; sourceTree = BUILT_PRODUCTS_DIR; };
		CF9E8BFF25F321DC00B8D085 /* RecreatingDesignInSwiftUIUITests.swift */ = {isa = PBXFileReference; lastKnownFileType = sourcecode.swift; path = RecreatingDesignInSwiftUIUITests.swift; sourceTree = "<group>"; };
		CF9E8C0125F321DC00B8D085 /* Info.plist */ = {isa = PBXFileReference; lastKnownFileType = text.plist.xml; path = Info.plist; sourceTree = "<group>"; };
		CF9E8C1025F3222C00B8D085 /* KulMobileHomeView.swift */ = {isa = PBXFileReference; lastKnownFileType = sourcecode.swift; path = KulMobileHomeView.swift; sourceTree = "<group>"; };
/* End PBXFileReference section */

/* Begin PBXFrameworksBuildPhase section */
		CF9E8BDC25F321D900B8D085 /* Frameworks */ = {
			isa = PBXFrameworksBuildPhase;
			buildActionMask = 2147483647;
			files = (
			);
			runOnlyForDeploymentPostprocessing = 0;
		};
		CF9E8BED25F321DC00B8D085 /* Frameworks */ = {
			isa = PBXFrameworksBuildPhase;
			buildActionMask = 2147483647;
			files = (
			);
			runOnlyForDeploymentPostprocessing = 0;
		};
		CF9E8BF825F321DC00B8D085 /* Frameworks */ = {
			isa = PBXFrameworksBuildPhase;
			buildActionMask = 2147483647;
			files = (
			);
			runOnlyForDeploymentPostprocessing = 0;
		};
/* End PBXFrameworksBuildPhase section */

/* Begin PBXGroup section */
		CF9E8BD625F321D900B8D085 = {
			isa = PBXGroup;
			children = (
				CF9E8BE125F321D900B8D085 /* RecreatingDesignInSwiftUI */,
				CF9E8BF325F321DC00B8D085 /* RecreatingDesignInSwiftUITests */,
				CF9E8BFE25F321DC00B8D085 /* RecreatingDesignInSwiftUIUITests */,
				CF9E8BE025F321D900B8D085 /* Products */,
			);
			sourceTree = "<group>";
		};
		CF9E8BE025F321D900B8D085 /* Products */ = {
			isa = PBXGroup;
			children = (
				CF9E8BDF25F321D900B8D085 /* RecreatingDesignInSwiftUI.app */,
				CF9E8BF025F321DC00B8D085 /* RecreatingDesignInSwiftUITests.xctest */,
				CF9E8BFB25F321DC00B8D085 /* RecreatingDesignInSwiftUIUITests.xctest */,
			);
			name = Products;
			sourceTree = "<group>";
		};
		CF9E8BE125F321D900B8D085 /* RecreatingDesignInSwiftUI */ = {
			isa = PBXGroup;
			children = (
				CF9E8BE225F321D900B8D085 /* RecreatingDesignInSwiftUIApp.swift */,
				CF9E8BE425F321D900B8D085 /* ContentView.swift */,
				CF9E8C1525F3223400B8D085 /* Kul_Mobile */,
				CF9E8BE625F321DC00B8D085 /* Assets.xcassets */,
				CF9E8BEB25F321DC00B8D085 /* Info.plist */,
				CF9E8BE825F321DC00B8D085 /* Preview Content */,
			);
			path = RecreatingDesignInSwiftUI;
			sourceTree = "<group>";
		};
		CF9E8BE825F321DC00B8D085 /* Preview Content */ = {
			isa = PBXGroup;
			children = (
				CF9E8BE925F321DC00B8D085 /* Preview Assets.xcassets */,
			);
			path = "Preview Content";
			sourceTree = "<group>";
		};
		CF9E8BF325F321DC00B8D085 /* RecreatingDesignInSwiftUITests */ = {
			isa = PBXGroup;
			children = (
				CF9E8BF425F321DC00B8D085 /* RecreatingDesignInSwiftUITests.swift */,
				CF9E8BF625F321DC00B8D085 /* Info.plist */,
			);
			path = RecreatingDesignInSwiftUITests;
			sourceTree = "<group>";
		};
		CF9E8BFE25F321DC00B8D085 /* RecreatingDesignInSwiftUIUITests */ = {
			isa = PBXGroup;
			children = (
				CF9E8BFF25F321DC00B8D085 /* RecreatingDesignInSwiftUIUITests.swift */,
				CF9E8C0125F321DC00B8D085 /* Info.plist */,
			);
			path = RecreatingDesignInSwiftUIUITests;
			sourceTree = "<group>";
		};
		CF9E8C1525F3223400B8D085 /* Kul_Mobile */ = {
			isa = PBXGroup;
			children = (
				CF9E8C1025F3222C00B8D085 /* KulMobileHomeView.swift */,
			);
			path = Kul_Mobile;
			sourceTree = "<group>";
		};
/* End PBXGroup section */

/* Begin PBXNativeTarget section */
		CF9E8BDE25F321D900B8D085 /* RecreatingDesignInSwiftUI */ = {
			isa = PBXNativeTarget;
			buildConfigurationList = CF9E8C0425F321DC00B8D085 /* Build configuration list for PBXNativeTarget "RecreatingDesignInSwiftUI" */;
			buildPhases = (
				CF9E8BDB25F321D900B8D085 /* Sources */,
				CF9E8BDC25F321D900B8D085 /* Frameworks */,
				CF9E8BDD25F321D900B8D085 /* Resources */,
			);
			buildRules = (
			);
			dependencies = (
			);
			name = RecreatingDesignInSwiftUI;
			productName = RecreatingDesignInSwiftUI;
			productReference = CF9E8BDF25F321D900B8D085 /* RecreatingDesignInSwiftUI.app */;
			productType = "com.apple.product-type.application";
		};
		CF9E8BEF25F321DC00B8D085 /* RecreatingDesignInSwiftUITests */ = {
			isa = PBXNativeTarget;
			buildConfigurationList = CF9E8C0725F321DC00B8D085 /* Build configuration list for PBXNativeTarget "RecreatingDesignInSwiftUITests" */;
			buildPhases = (
				CF9E8BEC25F321DC00B8D085 /* Sources */,
				CF9E8BED25F321DC00B8D085 /* Frameworks */,
				CF9E8BEE25F321DC00B8D085 /* Resources */,
			);
			buildRules = (
			);
			dependencies = (
				CF9E8BF225F321DC00B8D085 /* PBXTargetDependency */,
			);
			name = RecreatingDesignInSwiftUITests;
			productName = RecreatingDesignInSwiftUITests;
			productReference = CF9E8BF025F321DC00B8D085 /* RecreatingDesignInSwiftUITests.xctest */;
			productType = "com.apple.product-type.bundle.unit-test";
		};
		CF9E8BFA25F321DC00B8D085 /* RecreatingDesignInSwiftUIUITests */ = {
			isa = PBXNativeTarget;
			buildConfigurationList = CF9E8C0A25F321DC00B8D085 /* Build configuration list for PBXNativeTarget "RecreatingDesignInSwiftUIUITests" */;
			buildPhases = (
				CF9E8BF725F321DC00B8D085 /* Sources */,
				CF9E8BF825F321DC00B8D085 /* Frameworks */,
				CF9E8BF925F321DC00B8D085 /* Resources */,
			);
			buildRules = (
			);
			dependencies = (
				CF9E8BFD25F321DC00B8D085 /* PBXTargetDependency */,
			);
			name = RecreatingDesignInSwiftUIUITests;
			productName = RecreatingDesignInSwiftUIUITests;
			productReference = CF9E8BFB25F321DC00B8D085 /* RecreatingDesignInSwiftUIUITests.xctest */;
			productType = "com.apple.product-type.bundle.ui-testing";
		};
/* End PBXNativeTarget section */

/* Begin PBXProject section */
		CF9E8BD725F321D900B8D085 /* Project object */ = {
			isa = PBXProject;
			attributes = {
				LastSwiftUpdateCheck = 1240;
				LastUpgradeCheck = 1240;
				TargetAttributes = {
					CF9E8BDE25F321D900B8D085 = {
						CreatedOnToolsVersion = 12.4;
					};
					CF9E8BEF25F321DC00B8D085 = {
						CreatedOnToolsVersion = 12.4;
						TestTargetID = CF9E8BDE25F321D900B8D085;
					};
					CF9E8BFA25F321DC00B8D085 = {
						CreatedOnToolsVersion = 12.4;
						TestTargetID = CF9E8BDE25F321D900B8D085;
					};
				};
			};
			buildConfigurationList = CF9E8BDA25F321D900B8D085 /* Build configuration list for PBXProject "RecreatingDesignInSwiftUI" */;
			compatibilityVersion = "Xcode 9.3";
			developmentRegion = en;
			hasScannedForEncodings = 0;
			knownRegions = (
				en,
				Base,
			);
			mainGroup = CF9E8BD625F321D900B8D085;
			productRefGroup = CF9E8BE025F321D900B8D085 /* Products */;
			projectDirPath = "";
			projectRoot = "";
			targets = (
				CF9E8BDE25F321D900B8D085 /* RecreatingDesignInSwiftUI */,
				CF9E8BEF25F321DC00B8D085 /* RecreatingDesignInSwiftUITests */,
				CF9E8BFA25F321DC00B8D085 /* RecreatingDesignInSwiftUIUITests */,
			);
		};
/* End PBXProject section */

/* Begin PBXResourcesBuildPhase section */
		CF9E8BDD25F321D900B8D085 /* Resources */ = {
			isa = PBXResourcesBuildPhase;
			buildActionMask = 2147483647;
			files = (
				CF9E8BEA25F321DC00B8D085 /* Preview Assets.xcassets in Resources */,
				CF9E8BE725F321DC00B8D085 /* Assets.xcassets in Resources */,
			);
			runOnlyForDeploymentPostprocessing = 0;
		};
		CF9E8BEE25F321DC00B8D085 /* Resources */ = {
			isa = PBXResourcesBuildPhase;
			buildActionMask = 2147483647;
			files = (
			);
			runOnlyForDeploymentPostprocessing = 0;
		};
		CF9E8BF925F321DC00B8D085 /* Resources */ = {
			isa = PBXResourcesBuildPhase;
			buildActionMask = 2147483647;
			files = (
			);
			runOnlyForDeploymentPostprocessing = 0;
		};
/* End PBXResourcesBuildPhase section */

/* Begin PBXSourcesBuildPhase section */
		CF9E8BDB25F321D900B8D085 /* Sources */ = {
			isa = PBXSourcesBuildPhase;
			buildActionMask = 2147483647;
			files = (
				CF9E8BE525F321D900B8D085 /* ContentView.swift in Sources */,
				CF9E8C1125F3222C00B8D085 /* KulMobileHomeView.swift in Sources */,
				CF9E8BE325F321D900B8D085 /* RecreatingDesignInSwiftUIApp.swift in Sources */,
			);
			runOnlyForDeploymentPostprocessing = 0;
		};
		CF9E8BEC25F321DC00B8D085 /* Sources */ = {
			isa = PBXSourcesBuildPhase;
			buildActionMask = 2147483647;
			files = (
				CF9E8BF525F321DC00B8D085 /* RecreatingDesignInSwiftUITests.swift in Sources */,
			);
			runOnlyForDeploymentPostprocessing = 0;
		};
		CF9E8BF725F321DC00B8D085 /* Sources */ = {
			isa = PBXSourcesBuildPhase;
			buildActionMask = 2147483647;
			files = (
				CF9E8C0025F321DC00B8D085 /* RecreatingDesignInSwiftUIUITests.swift in Sources */,
			);
			runOnlyForDeploymentPostprocessing = 0;
		};
/* End PBXSourcesBuildPhase section */

/* Begin PBXTargetDependency section */
		CF9E8BF225F321DC00B8D085 /* PBXTargetDependency */ = {
			isa = PBXTargetDependency;
			target = CF9E8BDE25F321D900B8D085 /* RecreatingDesignInSwiftUI */;
			targetProxy = CF9E8BF125F321DC00B8D085 /* PBXContainerItemProxy */;
		};
		CF9E8BFD25F321DC00B8D085 /* PBXTargetDependency */ = {
			isa = PBXTargetDependency;
			target = CF9E8BDE25F321D900B8D085 /* RecreatingDesignInSwiftUI */;
			targetProxy = CF9E8BFC25F321DC00B8D085 /* PBXContainerItemProxy */;
		};
/* End PBXTargetDependency section */

/* Begin XCBuildConfiguration section */
		CF9E8C0225F321DC00B8D085 /* Debug */ = {
			isa = XCBuildConfiguration;
			buildSettings = {
				ALWAYS_SEARCH_USER_PATHS = NO;
				CLANG_ANALYZER_NONNULL = YES;
				CLANG_ANALYZER_NUMBER_OBJECT_CONVERSION = YES_AGGRESSIVE;
				CLANG_CXX_LANGUAGE_STANDARD = "gnu++14";
				CLANG_CXX_LIBRARY = "libc++";
				CLANG_ENABLE_MODULES = YES;
				CLANG_ENABLE_OBJC_ARC = YES;
				CLANG_ENABLE_OBJC_WEAK = YES;
				CLANG_WARN_BLOCK_CAPTURE_AUTORELEASING = YES;
				CLANG_WARN_BOOL_CONVERSION = YES;
				CLANG_WARN_COMMA = YES;
				CLANG_WARN_CONSTANT_CONVERSION = YES;
				CLANG_WARN_DEPRECATED_OBJC_IMPLEMENTATIONS = YES;
				CLANG_WARN_DIRECT_OBJC_ISA_USAGE = YES_ERROR;
				CLANG_WARN_DOCUMENTATION_COMMENTS = YES;
				CLANG_WARN_EMPTY_BODY = YES;
				CLANG_WARN_ENUM_CONVERSION = YES;
				CLANG_WARN_INFINITE_RECURSION = YES;
				CLANG_WARN_INT_CONVERSION = YES;
				CLANG_WARN_NON_LITERAL_NULL_CONVERSION = YES;
				CLANG_WARN_OBJC_IMPLICIT_RETAIN_SELF = YES;
				CLANG_WARN_OBJC_LITERAL_CONVERSION = YES;
				CLANG_WARN_OBJC_ROOT_CLASS = YES_ERROR;
				CLANG_WARN_QUOTED_INCLUDE_IN_FRAMEWORK_HEADER = YES;
				CLANG_WARN_RANGE_LOOP_ANALYSIS = YES;
				CLANG_WARN_STRICT_PROTOTYPES = YES;
				CLANG_WARN_SUSPICIOUS_MOVE = YES;
				CLANG_WARN_UNGUARDED_AVAILABILITY = YES_AGGRESSIVE;
				CLANG_WARN_UNREACHABLE_CODE = YES;
				CLANG_WARN__DUPLICATE_METHOD_MATCH = YES;
				COPY_PHASE_STRIP = NO;
				DEBUG_INFORMATION_FORMAT = dwarf;
				ENABLE_STRICT_OBJC_MSGSEND = YES;
				ENABLE_TESTABILITY = YES;
				GCC_C_LANGUAGE_STANDARD = gnu11;
				GCC_DYNAMIC_NO_PIC = NO;
				GCC_NO_COMMON_BLOCKS = YES;
				GCC_OPTIMIZATION_LEVEL = 0;
				GCC_PREPROCESSOR_DEFINITIONS = (
					"DEBUG=1",
					"$(inherited)",
				);
				GCC_WARN_64_TO_32_BIT_CONVERSION = YES;
				GCC_WARN_ABOUT_RETURN_TYPE = YES_ERROR;
				GCC_WARN_UNDECLARED_SELECTOR = YES;
				GCC_WARN_UNINITIALIZED_AUTOS = YES_AGGRESSIVE;
				GCC_WARN_UNUSED_FUNCTION = YES;
				GCC_WARN_UNUSED_VARIABLE = YES;
				IPHONEOS_DEPLOYMENT_TARGET = 14.4;
				MTL_ENABLE_DEBUG_INFO = INCLUDE_SOURCE;
				MTL_FAST_MATH = YES;
				ONLY_ACTIVE_ARCH = YES;
				SDKROOT = iphoneos;
				SWIFT_ACTIVE_COMPILATION_CONDITIONS = DEBUG;
				SWIFT_OPTIMIZATION_LEVEL = "-Onone";
			};
			name = Debug;
		};
		CF9E8C0325F321DC00B8D085 /* Release */ = {
			isa = XCBuildConfiguration;
			buildSettings = {
				ALWAYS_SEARCH_USER_PATHS = NO;
				CLANG_ANALYZER_NONNULL = YES;
				CLANG_ANALYZER_NUMBER_OBJECT_CONVERSION = YES_AGGRESSIVE;
				CLANG_CXX_LANGUAGE_STANDARD = "gnu++14";
				CLANG_CXX_LIBRARY = "libc++";
				CLANG_ENABLE_MODULES = YES;
				CLANG_ENABLE_OBJC_ARC = YES;
				CLANG_ENABLE_OBJC_WEAK = YES;
				CLANG_WARN_BLOCK_CAPTURE_AUTORELEASING = YES;
				CLANG_WARN_BOOL_CONVERSION = YES;
				CLANG_WARN_COMMA = YES;
				CLANG_WARN_CONSTANT_CONVERSION = YES;
				CLANG_WARN_DEPRECATED_OBJC_IMPLEMENTATIONS = YES;
				CLANG_WARN_DIRECT_OBJC_ISA_USAGE = YES_ERROR;
				CLANG_WARN_DOCUMENTATION_COMMENTS = YES;
				CLANG_WARN_EMPTY_BODY = YES;
				CLANG_WARN_ENUM_CONVERSION = YES;
				CLANG_WARN_INFINITE_RECURSION = YES;
				CLANG_WARN_INT_CONVERSION = YES;
				CLANG_WARN_NON_LITERAL_NULL_CONVERSION = YES;
				CLANG_WARN_OBJC_IMPLICIT_RETAIN_SELF = YES;
				CLANG_WARN_OBJC_LITERAL_CONVERSION = YES;
				CLANG_WARN_OBJC_ROOT_CLASS = YES_ERROR;
				CLANG_WARN_QUOTED_INCLUDE_IN_FRAMEWORK_HEADER = YES;
				CLANG_WARN_RANGE_LOOP_ANALYSIS = YES;
				CLANG_WARN_STRICT_PROTOTYPES = YES;
				CLANG_WARN_SUSPICIOUS_MOVE = YES;
				CLANG_WARN_UNGUARDED_AVAILABILITY = YES_AGGRESSIVE;
				CLANG_WARN_UNREACHABLE_CODE = YES;
				CLANG_WARN__DUPLICATE_METHOD_MATCH = YES;
				COPY_PHASE_STRIP = NO;
				DEBUG_INFORMATION_FORMAT = "dwarf-with-dsym";
				ENABLE_NS_ASSERTIONS = NO;
				ENABLE_STRICT_OBJC_MSGSEND = YES;
				GCC_C_LANGUAGE_STANDARD = gnu11;
				GCC_NO_COMMON_BLOCKS = YES;
				GCC_WARN_64_TO_32_BIT_CONVERSION = YES;
				GCC_WARN_ABOUT_RETURN_TYPE = YES_ERROR;
				GCC_WARN_UNDECLARED_SELECTOR = YES;
				GCC_WARN_UNINITIALIZED_AUTOS = YES_AGGRESSIVE;
				GCC_WARN_UNUSED_FUNCTION = YES;
				GCC_WARN_UNUSED_VARIABLE = YES;
				IPHONEOS_DEPLOYMENT_TARGET = 14.4;
				MTL_ENABLE_DEBUG_INFO = NO;
				MTL_FAST_MATH = YES;
				SDKROOT = iphoneos;
				SWIFT_COMPILATION_MODE = wholemodule;
				SWIFT_OPTIMIZATION_LEVEL = "-O";
				VALIDATE_PRODUCT = YES;
			};
			name = Release;
		};
		CF9E8C0525F321DC00B8D085 /* Debug */ = {
			isa = XCBuildConfiguration;
			buildSettings = {
				ASSETCATALOG_COMPILER_APPICON_NAME = AppIcon;
				ASSETCATALOG_COMPILER_GLOBAL_ACCENT_COLOR_NAME = AccentColor;
				CODE_SIGN_STYLE = Automatic;
				DEVELOPMENT_ASSET_PATHS = "\"RecreatingDesignInSwiftUI/Preview Content\"";
				DEVELOPMENT_TEAM = 42UG54QP3B;
				ENABLE_PREVIEWS = YES;
				INFOPLIST_FILE = RecreatingDesignInSwiftUI/Info.plist;
				IPHONEOS_DEPLOYMENT_TARGET = 14.0;
				LD_RUNPATH_SEARCH_PATHS = (
					"$(inherited)",
					"@executable_path/Frameworks",
				);
				PRODUCT_BUNDLE_IDENTIFIER = com.WilsonDesimini.RecreatingDesignInSwiftUI;
				PRODUCT_NAME = "$(TARGET_NAME)";
				SWIFT_VERSION = 5.0;
				TARGETED_DEVICE_FAMILY = "1,2";
			};
			name = Debug;
		};
		CF9E8C0625F321DC00B8D085 /* Release */ = {
			isa = XCBuildConfiguration;
			buildSettings = {
				ASSETCATALOG_COMPILER_APPICON_NAME = AppIcon;
				ASSETCATALOG_COMPILER_GLOBAL_ACCENT_COLOR_NAME = AccentColor;
				CODE_SIGN_STYLE = Automatic;
				DEVELOPMENT_ASSET_PATHS = "\"RecreatingDesignInSwiftUI/Preview Content\"";
				DEVELOPMENT_TEAM = 42UG54QP3B;
				ENABLE_PREVIEWS = YES;
				INFOPLIST_FILE = RecreatingDesignInSwiftUI/Info.plist;
				IPHONEOS_DEPLOYMENT_TARGET = 14.0;
				LD_RUNPATH_SEARCH_PATHS = (
					"$(inherited)",
					"@executable_path/Frameworks",
				);
				PRODUCT_BUNDLE_IDENTIFIER = com.WilsonDesimini.RecreatingDesignInSwiftUI;
				PRODUCT_NAME = "$(TARGET_NAME)";
				SWIFT_VERSION = 5.0;
				TARGETED_DEVICE_FAMILY = "1,2";
			};
			name = Release;
		};
		CF9E8C0825F321DC00B8D085 /* Debug */ = {
			isa = XCBuildConfiguration;
			buildSettings = {
				ALWAYS_EMBED_SWIFT_STANDARD_LIBRARIES = YES;
				BUNDLE_LOADER = "$(TEST_HOST)";
				CODE_SIGN_STYLE = Automatic;
				DEVELOPMENT_TEAM = 42UG54QP3B;
				INFOPLIST_FILE = RecreatingDesignInSwiftUITests/Info.plist;
				IPHONEOS_DEPLOYMENT_TARGET = 14.0;
				LD_RUNPATH_SEARCH_PATHS = (
					"$(inherited)",
					"@executable_path/Frameworks",
					"@loader_path/Frameworks",
				);
				PRODUCT_BUNDLE_IDENTIFIER = com.WilsonDesimini.RecreatingDesignInSwiftUITests;
				PRODUCT_NAME = "$(TARGET_NAME)";
				SWIFT_VERSION = 5.0;
				TARGETED_DEVICE_FAMILY = "1,2";
				TEST_HOST = "$(BUILT_PRODUCTS_DIR)/RecreatingDesignInSwiftUI.app/RecreatingDesignInSwiftUI";
			};
			name = Debug;
		};
		CF9E8C0925F321DC00B8D085 /* Release */ = {
			isa = XCBuildConfiguration;
			buildSettings = {
				ALWAYS_EMBED_SWIFT_STANDARD_LIBRARIES = YES;
				BUNDLE_LOADER = "$(TEST_HOST)";
				CODE_SIGN_STYLE = Automatic;
				DEVELOPMENT_TEAM = 42UG54QP3B;
				INFOPLIST_FILE = RecreatingDesignInSwiftUITests/Info.plist;
				IPHONEOS_DEPLOYMENT_TARGET = 14.0;
				LD_RUNPATH_SEARCH_PATHS = (
					"$(inherited)",
					"@executable_path/Frameworks",
					"@loader_path/Frameworks",
				);
				PRODUCT_BUNDLE_IDENTIFIER = com.WilsonDesimini.RecreatingDesignInSwiftUITests;
				PRODUCT_NAME = "$(TARGET_NAME)";
				SWIFT_VERSION = 5.0;
				TARGETED_DEVICE_FAMILY = "1,2";
				TEST_HOST = "$(BUILT_PRODUCTS_DIR)/RecreatingDesignInSwiftUI.app/RecreatingDesignInSwiftUI";
			};
			name = Release;
		};
		CF9E8C0B25F321DC00B8D085 /* Debug */ = {
			isa = XCBuildConfiguration;
			buildSettings = {
				ALWAYS_EMBED_SWIFT_STANDARD_LIBRARIES = YES;
				CODE_SIGN_STYLE = Automatic;
				DEVELOPMENT_TEAM = 42UG54QP3B;
				INFOPLIST_FILE = RecreatingDesignInSwiftUIUITests/Info.plist;
				LD_RUNPATH_SEARCH_PATHS = (
					"$(inherited)",
					"@executable_path/Frameworks",
					"@loader_path/Frameworks",
				);
				PRODUCT_BUNDLE_IDENTIFIER = com.WilsonDesimini.RecreatingDesignInSwiftUIUITests;
				PRODUCT_NAME = "$(TARGET_NAME)";
				SWIFT_VERSION = 5.0;
				TARGETED_DEVICE_FAMILY = "1,2";
				TEST_TARGET_NAME = RecreatingDesignInSwiftUI;
			};
			name = Debug;
		};
		CF9E8C0C25F321DC00B8D085 /* Release */ = {
			isa = XCBuildConfiguration;
			buildSettings = {
				ALWAYS_EMBED_SWIFT_STANDARD_LIBRARIES = YES;
				CODE_SIGN_STYLE = Automatic;
				DEVELOPMENT_TEAM = 42UG54QP3B;
				INFOPLIST_FILE = RecreatingDesignInSwiftUIUITests/Info.plist;
				LD_RUNPATH_SEARCH_PATHS = (
					"$(inherited)",
					"@executable_path/Frameworks",
					"@loader_path/Frameworks",
				);
				PRODUCT_BUNDLE_IDENTIFIER = com.WilsonDesimini.RecreatingDesignInSwiftUIUITests;
				PRODUCT_NAME = "$(TARGET_NAME)";
				SWIFT_VERSION = 5.0;
				TARGETED_DEVICE_FAMILY = "1,2";
				TEST_TARGET_NAME = RecreatingDesignInSwiftUI;
			};
			name = Release;
		};
/* End XCBuildConfiguration section */

/* Begin XCConfigurationList section */
		CF9E8BDA25F321D900B8D085 /* Build configuration list for PBXProject "RecreatingDesignInSwiftUI" */ = {
			isa = XCConfigurationList;
			buildConfigurations = (
				CF9E8C0225F321DC00B8D085 /* Debug */,
				CF9E8C0325F321DC00B8D085 /* Release */,
			);
			defaultConfigurationIsVisible = 0;
			defaultConfigurationName = Release;
		};
		CF9E8C0425F321DC00B8D085 /* Build configuration list for PBXNativeTarget "RecreatingDesignInSwiftUI" */ = {
			isa = XCConfigurationList;
			buildConfigurations = (
				CF9E8C0525F321DC00B8D085 /* Debug */,
				CF9E8C0625F321DC00B8D085 /* Release */,
			);
			defaultConfigurationIsVisible = 0;
			defaultConfigurationName = Release;
		};
		CF9E8C0725F321DC00B8D085 /* Build configuration list for PBXNativeTarget "RecreatingDesignInSwiftUITests" */ = {
			isa = XCConfigurationList;
			buildConfigurations = (
				CF9E8C0825F321DC00B8D085 /* Debug */,
				CF9E8C0925F321DC00B8D085 /* Release */,
			);
			defaultConfigurationIsVisible = 0;
			defaultConfigurationName = Release;
		};
		CF9E8C0A25F321DC00B8D085 /* Build configuration list for PBXNativeTarget "RecreatingDesignInSwiftUIUITests" */ = {
			isa = XCConfigurationList;
			buildConfigurations = (
				CF9E8C0B25F321DC00B8D085 /* Debug */,
				CF9E8C0C25F321DC00B8D085 /* Release */,
			);
			defaultConfigurationIsVisible = 0;
			defaultConfigurationName = Release;
		};
/* End XCConfigurationList section */
	};
	rootObject = CF9E8BD725F321D900B8D085 /* Project object */;
}
